// !$*UTF8*$!
{
	archiveVersion = 1;
	classes = {
	};
	objectVersion = 56;
	objects = {

/* Begin PBXBuildFile section */
		B4425CCA29DC799500572C6D /* PotcastAlbumListView.swift in Sources */ = {isa = PBXBuildFile; fileRef = B4425CC929DC799500572C6D /* PotcastAlbumListView.swift */; };
		B4EBBC0D29DC508F00C13332 /* CombineSpotifyApp.swift in Sources */ = {isa = PBXBuildFile; fileRef = B4EBBC0C29DC508F00C13332 /* CombineSpotifyApp.swift */; };
		B4EBBC0F29DC508F00C13332 /* ContentView.swift in Sources */ = {isa = PBXBuildFile; fileRef = B4EBBC0E29DC508F00C13332 /* ContentView.swift */; };
		B4EBBC1129DC509100C13332 /* Assets.xcassets in Resources */ = {isa = PBXBuildFile; fileRef = B4EBBC1029DC509100C13332 /* Assets.xcassets */; };
		B4EBBC1429DC509100C13332 /* Preview Assets.xcassets in Resources */ = {isa = PBXBuildFile; fileRef = B4EBBC1329DC509100C13332 /* Preview Assets.xcassets */; };
		B4EBBC1E29DC509100C13332 /* CombineSpotifyTests.swift in Sources */ = {isa = PBXBuildFile; fileRef = B4EBBC1D29DC509100C13332 /* CombineSpotifyTests.swift */; };
		B4EBBC2829DC509100C13332 /* CombineSpotifyUITests.swift in Sources */ = {isa = PBXBuildFile; fileRef = B4EBBC2729DC509100C13332 /* CombineSpotifyUITests.swift */; };
		B4EBBC2A29DC509100C13332 /* CombineSpotifyUITestsLaunchTests.swift in Sources */ = {isa = PBXBuildFile; fileRef = B4EBBC2929DC509100C13332 /* CombineSpotifyUITestsLaunchTests.swift */; };
		B4EBBC3C29DC54E600C13332 /* MusicService.swift in Sources */ = {isa = PBXBuildFile; fileRef = B4EBBC3B29DC54E600C13332 /* MusicService.swift */; };
		B4EBBC3E29DC581F00C13332 /* MusicDataModel.swift in Sources */ = {isa = PBXBuildFile; fileRef = B4EBBC3D29DC581F00C13332 /* MusicDataModel.swift */; };
		B4EBBC4029DC5A5A00C13332 /* HomeViewModel.swift in Sources */ = {isa = PBXBuildFile; fileRef = B4EBBC3F29DC5A5A00C13332 /* HomeViewModel.swift */; };
/* End PBXBuildFile section */

/* Begin PBXContainerItemProxy section */
		B4EBBC1A29DC509100C13332 /* PBXContainerItemProxy */ = {
			isa = PBXContainerItemProxy;
			containerPortal = B4EBBC0129DC508F00C13332 /* Project object */;
			proxyType = 1;
			remoteGlobalIDString = B4EBBC0829DC508F00C13332;
			remoteInfo = CombineSpotify;
		};
		B4EBBC2429DC509100C13332 /* PBXContainerItemProxy */ = {
			isa = PBXContainerItemProxy;
			containerPortal = B4EBBC0129DC508F00C13332 /* Project object */;
			proxyType = 1;
			remoteGlobalIDString = B4EBBC0829DC508F00C13332;
			remoteInfo = CombineSpotify;
		};
/* End PBXContainerItemProxy section */

/* Begin PBXFileReference section */
		B4425CC929DC799500572C6D /* PotcastAlbumListView.swift */ = {isa = PBXFileReference; lastKnownFileType = sourcecode.swift; path = PotcastAlbumListView.swift; sourceTree = "<group>"; };
		B4EBBC0929DC508F00C13332 /* CombineSpotify.app */ = {isa = PBXFileReference; explicitFileType = wrapper.application; includeInIndex = 0; path = CombineSpotify.app; sourceTree = BUILT_PRODUCTS_DIR; };
		B4EBBC0C29DC508F00C13332 /* CombineSpotifyApp.swift */ = {isa = PBXFileReference; lastKnownFileType = sourcecode.swift; path = CombineSpotifyApp.swift; sourceTree = "<group>"; };
		B4EBBC0E29DC508F00C13332 /* ContentView.swift */ = {isa = PBXFileReference; lastKnownFileType = sourcecode.swift; path = ContentView.swift; sourceTree = "<group>"; };
		B4EBBC1029DC509100C13332 /* Assets.xcassets */ = {isa = PBXFileReference; lastKnownFileType = folder.assetcatalog; path = Assets.xcassets; sourceTree = "<group>"; };
		B4EBBC1329DC509100C13332 /* Preview Assets.xcassets */ = {isa = PBXFileReference; lastKnownFileType = folder.assetcatalog; path = "Preview Assets.xcassets"; sourceTree = "<group>"; };
		B4EBBC1929DC509100C13332 /* CombineSpotifyTests.xctest */ = {isa = PBXFileReference; explicitFileType = wrapper.cfbundle; includeInIndex = 0; path = CombineSpotifyTests.xctest; sourceTree = BUILT_PRODUCTS_DIR; };
		B4EBBC1D29DC509100C13332 /* CombineSpotifyTests.swift */ = {isa = PBXFileReference; lastKnownFileType = sourcecode.swift; path = CombineSpotifyTests.swift; sourceTree = "<group>"; };
		B4EBBC2329DC509100C13332 /* CombineSpotifyUITests.xctest */ = {isa = PBXFileReference; explicitFileType = wrapper.cfbundle; includeInIndex = 0; path = CombineSpotifyUITests.xctest; sourceTree = BUILT_PRODUCTS_DIR; };
		B4EBBC2729DC509100C13332 /* CombineSpotifyUITests.swift */ = {isa = PBXFileReference; lastKnownFileType = sourcecode.swift; path = CombineSpotifyUITests.swift; sourceTree = "<group>"; };
		B4EBBC2929DC509100C13332 /* CombineSpotifyUITestsLaunchTests.swift */ = {isa = PBXFileReference; lastKnownFileType = sourcecode.swift; path = CombineSpotifyUITestsLaunchTests.swift; sourceTree = "<group>"; };
		B4EBBC3B29DC54E600C13332 /* MusicService.swift */ = {isa = PBXFileReference; lastKnownFileType = sourcecode.swift; path = MusicService.swift; sourceTree = "<group>"; };
		B4EBBC3D29DC581F00C13332 /* MusicDataModel.swift */ = {isa = PBXFileReference; lastKnownFileType = sourcecode.swift; path = MusicDataModel.swift; sourceTree = "<group>"; };
		B4EBBC3F29DC5A5A00C13332 /* HomeViewModel.swift */ = {isa = PBXFileReference; lastKnownFileType = sourcecode.swift; path = HomeViewModel.swift; sourceTree = "<group>"; };
/* End PBXFileReference section */

/* Begin PBXFrameworksBuildPhase section */
		B4EBBC0629DC508F00C13332 /* Frameworks */ = {
			isa = PBXFrameworksBuildPhase;
			buildActionMask = 2147483647;
			files = (
			);
			runOnlyForDeploymentPostprocessing = 0;
		};
		B4EBBC1629DC509100C13332 /* Frameworks */ = {
			isa = PBXFrameworksBuildPhase;
			buildActionMask = 2147483647;
			files = (
			);
			runOnlyForDeploymentPostprocessing = 0;
		};
		B4EBBC2029DC509100C13332 /* Frameworks */ = {
			isa = PBXFrameworksBuildPhase;
			buildActionMask = 2147483647;
			files = (
			);
			runOnlyForDeploymentPostprocessing = 0;
		};
/* End PBXFrameworksBuildPhase section */

/* Begin PBXGroup section */
		B4EBBC0029DC508F00C13332 = {
			isa = PBXGroup;
			children = (
				B4EBBC0B29DC508F00C13332 /* CombineSpotify */,
				B4EBBC1C29DC509100C13332 /* CombineSpotifyTests */,
				B4EBBC2629DC509100C13332 /* CombineSpotifyUITests */,
				B4EBBC0A29DC508F00C13332 /* Products */,
			);
			sourceTree = "<group>";
		};
		B4EBBC0A29DC508F00C13332 /* Products */ = {
			isa = PBXGroup;
			children = (
				B4EBBC0929DC508F00C13332 /* CombineSpotify.app */,
				B4EBBC1929DC509100C13332 /* CombineSpotifyTests.xctest */,
				B4EBBC2329DC509100C13332 /* CombineSpotifyUITests.xctest */,
			);
			name = Products;
			sourceTree = "<group>";
		};
		B4EBBC0B29DC508F00C13332 /* CombineSpotify */ = {
			isa = PBXGroup;
			children = (
				B4EBBC3929DC50D200C13332 /* Service */,
				B4EBBC3829DC50A800C13332 /* View */,
				B4EBBC3729DC509D00C13332 /* ViewModel */,
				B4EBBC3629DC509800C13332 /* Model */,
				B4EBBC3A29DC50DF00C13332 /* Iphone */,
				B4EBBC0C29DC508F00C13332 /* CombineSpotifyApp.swift */,
				B4EBBC1029DC509100C13332 /* Assets.xcassets */,
				B4EBBC1229DC509100C13332 /* Preview Content */,
			);
			path = CombineSpotify;
			sourceTree = "<group>";
		};
		B4EBBC1229DC509100C13332 /* Preview Content */ = {
			isa = PBXGroup;
			children = (
				B4EBBC1329DC509100C13332 /* Preview Assets.xcassets */,
			);
			path = "Preview Content";
			sourceTree = "<group>";
		};
		B4EBBC1C29DC509100C13332 /* CombineSpotifyTests */ = {
			isa = PBXGroup;
			children = (
				B4EBBC1D29DC509100C13332 /* CombineSpotifyTests.swift */,
			);
			path = CombineSpotifyTests;
			sourceTree = "<group>";
		};
		B4EBBC2629DC509100C13332 /* CombineSpotifyUITests */ = {
			isa = PBXGroup;
			children = (
				B4EBBC2729DC509100C13332 /* CombineSpotifyUITests.swift */,
				B4EBBC2929DC509100C13332 /* CombineSpotifyUITestsLaunchTests.swift */,
			);
			path = CombineSpotifyUITests;
			sourceTree = "<group>";
		};
		B4EBBC3629DC509800C13332 /* Model */ = {
			isa = PBXGroup;
			children = (
				B4EBBC3D29DC581F00C13332 /* MusicDataModel.swift */,
			);
			path = Model;
			sourceTree = "<group>";
		};
		B4EBBC3729DC509D00C13332 /* ViewModel */ = {
			isa = PBXGroup;
			children = (
				B4EBBC3F29DC5A5A00C13332 /* HomeViewModel.swift */,
			);
			path = ViewModel;
			sourceTree = "<group>";
		};
		B4EBBC3829DC50A800C13332 /* View */ = {
			isa = PBXGroup;
			children = (
				B4425CC929DC799500572C6D /* PotcastAlbumListView.swift */,
			);
			path = View;
			sourceTree = "<group>";
		};
		B4EBBC3929DC50D200C13332 /* Service */ = {
			isa = PBXGroup;
			children = (
				B4EBBC3B29DC54E600C13332 /* MusicService.swift */,
			);
			path = Service;
			sourceTree = "<group>";
		};
		B4EBBC3A29DC50DF00C13332 /* Iphone */ = {
			isa = PBXGroup;
			children = (
				B4EBBC0E29DC508F00C13332 /* ContentView.swift */,
			);
			path = Iphone;
			sourceTree = "<group>";
		};
/* End PBXGroup section */

/* Begin PBXNativeTarget section */
		B4EBBC0829DC508F00C13332 /* CombineSpotify */ = {
			isa = PBXNativeTarget;
			buildConfigurationList = B4EBBC2D29DC509100C13332 /* Build configuration list for PBXNativeTarget "CombineSpotify" */;
			buildPhases = (
				B4EBBC0529DC508F00C13332 /* Sources */,
				B4EBBC0629DC508F00C13332 /* Frameworks */,
				B4EBBC0729DC508F00C13332 /* Resources */,
			);
			buildRules = (
			);
			dependencies = (
			);
			name = CombineSpotify;
			productName = CombineSpotify;
			productReference = B4EBBC0929DC508F00C13332 /* CombineSpotify.app */;
			productType = "com.apple.product-type.application";
		};
		B4EBBC1829DC509100C13332 /* CombineSpotifyTests */ = {
			isa = PBXNativeTarget;
			buildConfigurationList = B4EBBC3029DC509100C13332 /* Build configuration list for PBXNativeTarget "CombineSpotifyTests" */;
			buildPhases = (
				B4EBBC1529DC509100C13332 /* Sources */,
				B4EBBC1629DC509100C13332 /* Frameworks */,
				B4EBBC1729DC509100C13332 /* Resources */,
			);
			buildRules = (
			);
			dependencies = (
				B4EBBC1B29DC509100C13332 /* PBXTargetDependency */,
			);
			name = CombineSpotifyTests;
			productName = CombineSpotifyTests;
			productReference = B4EBBC1929DC509100C13332 /* CombineSpotifyTests.xctest */;
			productType = "com.apple.product-type.bundle.unit-test";
		};
		B4EBBC2229DC509100C13332 /* CombineSpotifyUITests */ = {
			isa = PBXNativeTarget;
			buildConfigurationList = B4EBBC3329DC509100C13332 /* Build configuration list for PBXNativeTarget "CombineSpotifyUITests" */;
			buildPhases = (
				B4EBBC1F29DC509100C13332 /* Sources */,
				B4EBBC2029DC509100C13332 /* Frameworks */,
				B4EBBC2129DC509100C13332 /* Resources */,
			);
			buildRules = (
			);
			dependencies = (
				B4EBBC2529DC509100C13332 /* PBXTargetDependency */,
			);
			name = CombineSpotifyUITests;
			productName = CombineSpotifyUITests;
			productReference = B4EBBC2329DC509100C13332 /* CombineSpotifyUITests.xctest */;
			productType = "com.apple.product-type.bundle.ui-testing";
		};
/* End PBXNativeTarget section */

/* Begin PBXProject section */
		B4EBBC0129DC508F00C13332 /* Project object */ = {
			isa = PBXProject;
			attributes = {
				BuildIndependentTargetsInParallel = 1;
				LastSwiftUpdateCheck = 1410;
				LastUpgradeCheck = 1410;
				TargetAttributes = {
					B4EBBC0829DC508F00C13332 = {
						CreatedOnToolsVersion = 14.1;
					};
					B4EBBC1829DC509100C13332 = {
						CreatedOnToolsVersion = 14.1;
						TestTargetID = B4EBBC0829DC508F00C13332;
					};
					B4EBBC2229DC509100C13332 = {
						CreatedOnToolsVersion = 14.1;
						TestTargetID = B4EBBC0829DC508F00C13332;
					};
				};
			};
			buildConfigurationList = B4EBBC0429DC508F00C13332 /* Build configuration list for PBXProject "CombineSpotify" */;
			compatibilityVersion = "Xcode 14.0";
			developmentRegion = en;
			hasScannedForEncodings = 0;
			knownRegions = (
				en,
				Base,
			);
			mainGroup = B4EBBC0029DC508F00C13332;
			productRefGroup = B4EBBC0A29DC508F00C13332 /* Products */;
			projectDirPath = "";
			projectRoot = "";
			targets = (
				B4EBBC0829DC508F00C13332 /* CombineSpotify */,
				B4EBBC1829DC509100C13332 /* CombineSpotifyTests */,
				B4EBBC2229DC509100C13332 /* CombineSpotifyUITests */,
			);
		};
/* End PBXProject section */

/* Begin PBXResourcesBuildPhase section */
		B4EBBC0729DC508F00C13332 /* Resources */ = {
			isa = PBXResourcesBuildPhase;
			buildActionMask = 2147483647;
			files = (
				B4EBBC1429DC509100C13332 /* Preview Assets.xcassets in Resources */,
				B4EBBC1129DC509100C13332 /* Assets.xcassets in Resources */,
			);
			runOnlyForDeploymentPostprocessing = 0;
		};
		B4EBBC1729DC509100C13332 /* Resources */ = {
			isa = PBXResourcesBuildPhase;
			buildActionMask = 2147483647;
			files = (
			);
			runOnlyForDeploymentPostprocessing = 0;
		};
		B4EBBC2129DC509100C13332 /* Resources */ = {
			isa = PBXResourcesBuildPhase;
			buildActionMask = 2147483647;
			files = (
			);
			runOnlyForDeploymentPostprocessing = 0;
		};
/* End PBXResourcesBuildPhase section */

/* Begin PBXSourcesBuildPhase section */
		B4EBBC0529DC508F00C13332 /* Sources */ = {
			isa = PBXSourcesBuildPhase;
			buildActionMask = 2147483647;
			files = (
				B4EBBC0F29DC508F00C13332 /* ContentView.swift in Sources */,
				B4425CCA29DC799500572C6D /* PotcastAlbumListView.swift in Sources */,
				B4EBBC3C29DC54E600C13332 /* MusicService.swift in Sources */,
				B4EBBC0D29DC508F00C13332 /* CombineSpotifyApp.swift in Sources */,
				B4EBBC4029DC5A5A00C13332 /* HomeViewModel.swift in Sources */,
				B4EBBC3E29DC581F00C13332 /* MusicDataModel.swift in Sources */,
			);
			runOnlyForDeploymentPostprocessing = 0;
		};
		B4EBBC1529DC509100C13332 /* Sources */ = {
			isa = PBXSourcesBuildPhase;
			buildActionMask = 2147483647;
			files = (
				B4EBBC1E29DC509100C13332 /* CombineSpotifyTests.swift in Sources */,
			);
			runOnlyForDeploymentPostprocessing = 0;
		};
		B4EBBC1F29DC509100C13332 /* Sources */ = {
			isa = PBXSourcesBuildPhase;
			buildActionMask = 2147483647;
			files = (
				B4EBBC2829DC509100C13332 /* CombineSpotifyUITests.swift in Sources */,
				B4EBBC2A29DC509100C13332 /* CombineSpotifyUITestsLaunchTests.swift in Sources */,
			);
			runOnlyForDeploymentPostprocessing = 0;
		};
/* End PBXSourcesBuildPhase section */

/* Begin PBXTargetDependency section */
		B4EBBC1B29DC509100C13332 /* PBXTargetDependency */ = {
			isa = PBXTargetDependency;
			target = B4EBBC0829DC508F00C13332 /* CombineSpotify */;
			targetProxy = B4EBBC1A29DC509100C13332 /* PBXContainerItemProxy */;
		};
		B4EBBC2529DC509100C13332 /* PBXTargetDependency */ = {
			isa = PBXTargetDependency;
			target = B4EBBC0829DC508F00C13332 /* CombineSpotify */;
			targetProxy = B4EBBC2429DC509100C13332 /* PBXContainerItemProxy */;
		};
/* End PBXTargetDependency section */

/* Begin XCBuildConfiguration section */
		B4EBBC2B29DC509100C13332 /* Debug */ = {
			isa = XCBuildConfiguration;
			buildSettings = {
				ALWAYS_SEARCH_USER_PATHS = NO;
				CLANG_ANALYZER_NONNULL = YES;
				CLANG_ANALYZER_NUMBER_OBJECT_CONVERSION = YES_AGGRESSIVE;
				CLANG_CXX_LANGUAGE_STANDARD = "gnu++20";
				CLANG_ENABLE_MODULES = YES;
				CLANG_ENABLE_OBJC_ARC = YES;
				CLANG_ENABLE_OBJC_WEAK = YES;
				CLANG_WARN_BLOCK_CAPTURE_AUTORELEASING = YES;
				CLANG_WARN_BOOL_CONVERSION = YES;
				CLANG_WARN_COMMA = YES;
				CLANG_WARN_CONSTANT_CONVERSION = YES;
				CLANG_WARN_DEPRECATED_OBJC_IMPLEMENTATIONS = YES;
				CLANG_WARN_DIRECT_OBJC_ISA_USAGE = YES_ERROR;
				CLANG_WARN_DOCUMENTATION_COMMENTS = YES;
				CLANG_WARN_EMPTY_BODY = YES;
				CLANG_WARN_ENUM_CONVERSION = YES;
				CLANG_WARN_INFINITE_RECURSION = YES;
				CLANG_WARN_INT_CONVERSION = YES;
				CLANG_WARN_NON_LITERAL_NULL_CONVERSION = YES;
				CLANG_WARN_OBJC_IMPLICIT_RETAIN_SELF = YES;
				CLANG_WARN_OBJC_LITERAL_CONVERSION = YES;
				CLANG_WARN_OBJC_ROOT_CLASS = YES_ERROR;
				CLANG_WARN_QUOTED_INCLUDE_IN_FRAMEWORK_HEADER = YES;
				CLANG_WARN_RANGE_LOOP_ANALYSIS = YES;
				CLANG_WARN_STRICT_PROTOTYPES = YES;
				CLANG_WARN_SUSPICIOUS_MOVE = YES;
				CLANG_WARN_UNGUARDED_AVAILABILITY = YES_AGGRESSIVE;
				CLANG_WARN_UNREACHABLE_CODE = YES;
				CLANG_WARN__DUPLICATE_METHOD_MATCH = YES;
				COPY_PHASE_STRIP = NO;
				DEBUG_INFORMATION_FORMAT = dwarf;
				ENABLE_STRICT_OBJC_MSGSEND = YES;
				ENABLE_TESTABILITY = YES;
				GCC_C_LANGUAGE_STANDARD = gnu11;
				GCC_DYNAMIC_NO_PIC = NO;
				GCC_NO_COMMON_BLOCKS = YES;
				GCC_OPTIMIZATION_LEVEL = 0;
				GCC_PREPROCESSOR_DEFINITIONS = (
					"DEBUG=1",
					"$(inherited)",
				);
				GCC_WARN_64_TO_32_BIT_CONVERSION = YES;
				GCC_WARN_ABOUT_RETURN_TYPE = YES_ERROR;
				GCC_WARN_UNDECLARED_SELECTOR = YES;
				GCC_WARN_UNINITIALIZED_AUTOS = YES_AGGRESSIVE;
				GCC_WARN_UNUSED_FUNCTION = YES;
				GCC_WARN_UNUSED_VARIABLE = YES;
				IPHONEOS_DEPLOYMENT_TARGET = 16.1;
				MTL_ENABLE_DEBUG_INFO = INCLUDE_SOURCE;
				MTL_FAST_MATH = YES;
				ONLY_ACTIVE_ARCH = YES;
				SDKROOT = iphoneos;
				SWIFT_ACTIVE_COMPILATION_CONDITIONS = DEBUG;
				SWIFT_OPTIMIZATION_LEVEL = "-Onone";
			};
			name = Debug;
		};
		B4EBBC2C29DC509100C13332 /* Release */ = {
			isa = XCBuildConfiguration;
			buildSettings = {
				ALWAYS_SEARCH_USER_PATHS = NO;
				CLANG_ANALYZER_NONNULL = YES;
				CLANG_ANALYZER_NUMBER_OBJECT_CONVERSION = YES_AGGRESSIVE;
				CLANG_CXX_LANGUAGE_STANDARD = "gnu++20";
				CLANG_ENABLE_MODULES = YES;
				CLANG_ENABLE_OBJC_ARC = YES;
				CLANG_ENABLE_OBJC_WEAK = YES;
				CLANG_WARN_BLOCK_CAPTURE_AUTORELEASING = YES;
				CLANG_WARN_BOOL_CONVERSION = YES;
				CLANG_WARN_COMMA = YES;
				CLANG_WARN_CONSTANT_CONVERSION = YES;
				CLANG_WARN_DEPRECATED_OBJC_IMPLEMENTATIONS = YES;
				CLANG_WARN_DIRECT_OBJC_ISA_USAGE = YES_ERROR;
				CLANG_WARN_DOCUMENTATION_COMMENTS = YES;
				CLANG_WARN_EMPTY_BODY = YES;
				CLANG_WARN_ENUM_CONVERSION = YES;
				CLANG_WARN_INFINITE_RECURSION = YES;
				CLANG_WARN_INT_CONVERSION = YES;
				CLANG_WARN_NON_LITERAL_NULL_CONVERSION = YES;
				CLANG_WARN_OBJC_IMPLICIT_RETAIN_SELF = YES;
				CLANG_WARN_OBJC_LITERAL_CONVERSION = YES;
				CLANG_WARN_OBJC_ROOT_CLASS = YES_ERROR;
				CLANG_WARN_QUOTED_INCLUDE_IN_FRAMEWORK_HEADER = YES;
				CLANG_WARN_RANGE_LOOP_ANALYSIS = YES;
				CLANG_WARN_STRICT_PROTOTYPES = YES;
				CLANG_WARN_SUSPICIOUS_MOVE = YES;
				CLANG_WARN_UNGUARDED_AVAILABILITY = YES_AGGRESSIVE;
				CLANG_WARN_UNREACHABLE_CODE = YES;
				CLANG_WARN__DUPLICATE_METHOD_MATCH = YES;
				COPY_PHASE_STRIP = NO;
				DEBUG_INFORMATION_FORMAT = "dwarf-with-dsym";
				ENABLE_NS_ASSERTIONS = NO;
				ENABLE_STRICT_OBJC_MSGSEND = YES;
				GCC_C_LANGUAGE_STANDARD = gnu11;
				GCC_NO_COMMON_BLOCKS = YES;
				GCC_WARN_64_TO_32_BIT_CONVERSION = YES;
				GCC_WARN_ABOUT_RETURN_TYPE = YES_ERROR;
				GCC_WARN_UNDECLARED_SELECTOR = YES;
				GCC_WARN_UNINITIALIZED_AUTOS = YES_AGGRESSIVE;
				GCC_WARN_UNUSED_FUNCTION = YES;
				GCC_WARN_UNUSED_VARIABLE = YES;
				IPHONEOS_DEPLOYMENT_TARGET = 16.1;
				MTL_ENABLE_DEBUG_INFO = NO;
				MTL_FAST_MATH = YES;
				SDKROOT = iphoneos;
				SWIFT_COMPILATION_MODE = wholemodule;
				SWIFT_OPTIMIZATION_LEVEL = "-O";
				VALIDATE_PRODUCT = YES;
			};
			name = Release;
		};
		B4EBBC2E29DC509100C13332 /* Debug */ = {
			isa = XCBuildConfiguration;
			buildSettings = {
				ASSETCATALOG_COMPILER_APPICON_NAME = AppIcon;
				ASSETCATALOG_COMPILER_GLOBAL_ACCENT_COLOR_NAME = AccentColor;
				CODE_SIGN_STYLE = Automatic;
				CURRENT_PROJECT_VERSION = 1;
				DEVELOPMENT_ASSET_PATHS = "\"CombineSpotify/Preview Content\"";
				DEVELOPMENT_TEAM = ZX75863J6A;
				ENABLE_PREVIEWS = YES;
				GENERATE_INFOPLIST_FILE = YES;
				INFOPLIST_KEY_UIApplicationSceneManifest_Generation = YES;
				INFOPLIST_KEY_UIApplicationSupportsIndirectInputEvents = YES;
				INFOPLIST_KEY_UILaunchScreen_Generation = YES;
				INFOPLIST_KEY_UISupportedInterfaceOrientations_iPad = "UIInterfaceOrientationPortrait UIInterfaceOrientationPortraitUpsideDown UIInterfaceOrientationLandscapeLeft UIInterfaceOrientationLandscapeRight";
				INFOPLIST_KEY_UISupportedInterfaceOrientations_iPhone = "UIInterfaceOrientationPortrait UIInterfaceOrientationLandscapeLeft UIInterfaceOrientationLandscapeRight";
				LD_RUNPATH_SEARCH_PATHS = (
					"$(inherited)",
					"@executable_path/Frameworks",
				);
				MARKETING_VERSION = 1.0;
				PRODUCT_BUNDLE_IDENTIFIER = com.testingBerkat.CombineSpotify;
				PRODUCT_NAME = "$(TARGET_NAME)";
				SWIFT_EMIT_LOC_STRINGS = YES;
				SWIFT_VERSION = 5.0;
				TARGETED_DEVICE_FAMILY = "1,2";
			};
			name = Debug;
		};
		B4EBBC2F29DC509100C13332 /* Release */ = {
			isa = XCBuildConfiguration;
			buildSettings = {
				ASSETCATALOG_COMPILER_APPICON_NAME = AppIcon;
				ASSETCATALOG_COMPILER_GLOBAL_ACCENT_COLOR_NAME = AccentColor;
				CODE_SIGN_STYLE = Automatic;
				CURRENT_PROJECT_VERSION = 1;
				DEVELOPMENT_ASSET_PATHS = "\"CombineSpotify/Preview Content\"";
				DEVELOPMENT_TEAM = ZX75863J6A;
				ENABLE_PREVIEWS = YES;
				GENERATE_INFOPLIST_FILE = YES;
				INFOPLIST_KEY_UIApplicationSceneManifest_Generation = YES;
				INFOPLIST_KEY_UIApplicationSupportsIndirectInputEvents = YES;
				INFOPLIST_KEY_UILaunchScreen_Generation = YES;
				INFOPLIST_KEY_UISupportedInterfaceOrientations_iPad = "UIInterfaceOrientationPortrait UIInterfaceOrientationPortraitUpsideDown UIInterfaceOrientationLandscapeLeft UIInterfaceOrientationLandscapeRight";
				INFOPLIST_KEY_UISupportedInterfaceOrientations_iPhone = "UIInterfaceOrientationPortrait UIInterfaceOrientationLandscapeLeft UIInterfaceOrientationLandscapeRight";
				LD_RUNPATH_SEARCH_PATHS = (
					"$(inherited)",
					"@executable_path/Frameworks",
				);
				MARKETING_VERSION = 1.0;
				PRODUCT_BUNDLE_IDENTIFIER = com.testingBerkat.CombineSpotify;
				PRODUCT_NAME = "$(TARGET_NAME)";
				SWIFT_EMIT_LOC_STRINGS = YES;
				SWIFT_VERSION = 5.0;
				TARGETED_DEVICE_FAMILY = "1,2";
			};
			name = Release;
		};
		B4EBBC3129DC509100C13332 /* Debug */ = {
			isa = XCBuildConfiguration;
			buildSettings = {
				ALWAYS_EMBED_SWIFT_STANDARD_LIBRARIES = YES;
				BUNDLE_LOADER = "$(TEST_HOST)";
				CODE_SIGN_STYLE = Automatic;
				CURRENT_PROJECT_VERSION = 1;
				DEVELOPMENT_TEAM = ZX75863J6A;
				GENERATE_INFOPLIST_FILE = YES;
				IPHONEOS_DEPLOYMENT_TARGET = 16.1;
				MARKETING_VERSION = 1.0;
				PRODUCT_BUNDLE_IDENTIFIER = com.testingBerkat.CombineSpotifyTests;
				PRODUCT_NAME = "$(TARGET_NAME)";
				SWIFT_EMIT_LOC_STRINGS = NO;
				SWIFT_VERSION = 5.0;
				TARGETED_DEVICE_FAMILY = "1,2";
				TEST_HOST = "$(BUILT_PRODUCTS_DIR)/CombineSpotify.app/$(BUNDLE_EXECUTABLE_FOLDER_PATH)/CombineSpotify";
			};
			name = Debug;
		};
		B4EBBC3229DC509100C13332 /* Release */ = {
			isa = XCBuildConfiguration;
			buildSettings = {
				ALWAYS_EMBED_SWIFT_STANDARD_LIBRARIES = YES;
				BUNDLE_LOADER = "$(TEST_HOST)";
				CODE_SIGN_STYLE = Automatic;
				CURRENT_PROJECT_VERSION = 1;
				DEVELOPMENT_TEAM = ZX75863J6A;
				GENERATE_INFOPLIST_FILE = YES;
				IPHONEOS_DEPLOYMENT_TARGET = 16.1;
				MARKETING_VERSION = 1.0;
				PRODUCT_BUNDLE_IDENTIFIER = com.testingBerkat.CombineSpotifyTests;
				PRODUCT_NAME = "$(TARGET_NAME)";
				SWIFT_EMIT_LOC_STRINGS = NO;
				SWIFT_VERSION = 5.0;
				TARGETED_DEVICE_FAMILY = "1,2";
				TEST_HOST = "$(BUILT_PRODUCTS_DIR)/CombineSpotify.app/$(BUNDLE_EXECUTABLE_FOLDER_PATH)/CombineSpotify";
			};
			name = Release;
		};
		B4EBBC3429DC509100C13332 /* Debug */ = {
			isa = XCBuildConfiguration;
			buildSettings = {
				ALWAYS_EMBED_SWIFT_STANDARD_LIBRARIES = YES;
				CODE_SIGN_STYLE = Automatic;
				CURRENT_PROJECT_VERSION = 1;
				DEVELOPMENT_TEAM = ZX75863J6A;
				GENERATE_INFOPLIST_FILE = YES;
				MARKETING_VERSION = 1.0;
				PRODUCT_BUNDLE_IDENTIFIER = com.testingBerkat.CombineSpotifyUITests;
				PRODUCT_NAME = "$(TARGET_NAME)";
				SWIFT_EMIT_LOC_STRINGS = NO;
				SWIFT_VERSION = 5.0;
				TARGETED_DEVICE_FAMILY = "1,2";
				TEST_TARGET_NAME = CombineSpotify;
			};
			name = Debug;
		};
		B4EBBC3529DC509100C13332 /* Release */ = {
			isa = XCBuildConfiguration;
			buildSettings = {
				ALWAYS_EMBED_SWIFT_STANDARD_LIBRARIES = YES;
				CODE_SIGN_STYLE = Automatic;
				CURRENT_PROJECT_VERSION = 1;
				DEVELOPMENT_TEAM = ZX75863J6A;
				GENERATE_INFOPLIST_FILE = YES;
				MARKETING_VERSION = 1.0;
				PRODUCT_BUNDLE_IDENTIFIER = com.testingBerkat.CombineSpotifyUITests;
				PRODUCT_NAME = "$(TARGET_NAME)";
				SWIFT_EMIT_LOC_STRINGS = NO;
				SWIFT_VERSION = 5.0;
				TARGETED_DEVICE_FAMILY = "1,2";
				TEST_TARGET_NAME = CombineSpotify;
			};
			name = Release;
		};
/* End XCBuildConfiguration section */

/* Begin XCConfigurationList section */
		B4EBBC0429DC508F00C13332 /* Build configuration list for PBXProject "CombineSpotify" */ = {
			isa = XCConfigurationList;
			buildConfigurations = (
				B4EBBC2B29DC509100C13332 /* Debug */,
				B4EBBC2C29DC509100C13332 /* Release */,
			);
			defaultConfigurationIsVisible = 0;
			defaultConfigurationName = Release;
		};
		B4EBBC2D29DC509100C13332 /* Build configuration list for PBXNativeTarget "CombineSpotify" */ = {
			isa = XCConfigurationList;
			buildConfigurations = (
				B4EBBC2E29DC509100C13332 /* Debug */,
				B4EBBC2F29DC509100C13332 /* Release */,
			);
			defaultConfigurationIsVisible = 0;
			defaultConfigurationName = Release;
		};
		B4EBBC3029DC509100C13332 /* Build configuration list for PBXNativeTarget "CombineSpotifyTests" */ = {
			isa = XCConfigurationList;
			buildConfigurations = (
				B4EBBC3129DC509100C13332 /* Debug */,
				B4EBBC3229DC509100C13332 /* Release */,
			);
			defaultConfigurationIsVisible = 0;
			defaultConfigurationName = Release;
		};
		B4EBBC3329DC509100C13332 /* Build configuration list for PBXNativeTarget "CombineSpotifyUITests" */ = {
			isa = XCConfigurationList;
			buildConfigurations = (
				B4EBBC3429DC509100C13332 /* Debug */,
				B4EBBC3529DC509100C13332 /* Release */,
			);
			defaultConfigurationIsVisible = 0;
			defaultConfigurationName = Release;
		};
/* End XCConfigurationList section */
	};
	rootObject = B4EBBC0129DC508F00C13332 /* Project object */;
}
